
Microsoft Visual Studio Solution File, Format Version 12.00
# Visual Studio Version 16
VisualStudioVersion = 16.0.28922.388
MinimumVisualStudioVersion = 10.0.40219.1
Project("{2150E333-8FDC-42A3-9474-1A3956D46DE8}") = "CommandStack", "CommandStack", "{99E5961A-C929-4355-AA15-68B0F8CCD388}"
EndProject
Project("{2150E333-8FDC-42A3-9474-1A3956D46DE8}") = "Common", "Common", "{C1212B40-72BC-4A19-A5F8-A53823156224}"
	ProjectSection(SolutionItems) = preProject
		CommandStack\AuthorAdmin.Command.API\Dockerfile = CommandStack\AuthorAdmin.Command.API\Dockerfile
	EndProjectSection
EndProject
Project("{2150E333-8FDC-42A3-9474-1A3956D46DE8}") = "Query Stack", "Query Stack", "{0BB711EB-C31C-45BE-A91C-4BE27F71027F}"
EndProject
Project("{9A19103F-16F7-4668-BE54-9A1E7A4F7556}") = "Author.Command.API", "CommandStack\Author.Command.API\Author.Command.API.csproj", "{645DCCD5-3625-4DA9-986A-4AECAE899B0B}"
EndProject
Project("{9A19103F-16F7-4668-BE54-9A1E7A4F7556}") = "Author.Command.Domain", "CommandStack\Author.Command.Domain\Author.Command.Domain.csproj", "{E5D31555-93A8-4BAF-B89A-80F8EA0D07D2}"
EndProject
Project("{9A19103F-16F7-4668-BE54-9A1E7A4F7556}") = "Author.Command.Events", "CommandStack\Author.Command.Events\Author.Command.Events.csproj", "{2C050FFC-79D1-4B08-9672-C138B7FC6E9A}"
EndProject
Project("{9A19103F-16F7-4668-BE54-9A1E7A4F7556}") = "Author.Command.Persistence", "CommandStack\Author.Command.Persistence\Author.Command.Persistence.csproj", "{222BE0C9-0C62-4EC0-B1AF-4A3B871C05A9}"
EndProject
Project("{9A19103F-16F7-4668-BE54-9A1E7A4F7556}") = "Author.Command.Service", "CommandStack\Author.Command.Service\Author.Command.Service.csproj", "{285FFE17-C044-49E0-AD1D-C3B3125E0570}"
EndProject
Project("{9A19103F-16F7-4668-BE54-9A1E7A4F7556}") = "Author.Core.Services.EventBus", "Common\Author.Core.Services.EventBus\Author.Core.Services.EventBus.csproj", "{7DBD1CD8-639D-4ECF-A299-25FFC18D668A}"
EndProject
Project("{9A19103F-16F7-4668-BE54-9A1E7A4F7556}") = "Author.Core.Services.EventBus.Azure", "Common\Author.Core.Services.EventBus.Azure\Author.Core.Services.EventBus.Azure.csproj", "{83A70480-4A1C-4BFA-8AD6-D266C7F9BF65}"
EndProject
Project("{9A19103F-16F7-4668-BE54-9A1E7A4F7556}") = "Author.Core.Services.EventBus.RabbitMQ", "Common\Author.Core.Services.EventBus.RabbitMQ\Author.Core.Services.EventBus.RabbitMQ.csproj", "{71C75FFA-AFA9-4F02-BD29-DB99C1483097}"
EndProject
Project("{9A19103F-16F7-4668-BE54-9A1E7A4F7556}") = "Author.Query.API", "QueryStack\Author.Query.API\Author.Query.API.csproj", "{07AAE277-139A-456D-8E58-8B90E246E131}"
EndProject
Project("{E53339B2-1760-4266-BCC7-CA923CBCF16C}") = "docker-compose", "docker-compose.dcproj", "{575D68B2-2FC4-4440-8D92-641E84BE4B32}"
EndProject
Project("{9A19103F-16F7-4668-BE54-9A1E7A4F7556}") = "AuthorAdmin.Command.API", "CommandStack\AuthorAdmin.Command.API\AuthorAdmin.Command.API.csproj", "{FCDB2BB4-790E-4513-A951-EB242D5896FE}"
EndProject
Project("{9A19103F-16F7-4668-BE54-9A1E7A4F7556}") = "Author.Core.Framework", "Common\Author.Core.Framework\Author.Core.Framework.csproj", "{4CB242B2-BA6E-4C81-890B-BA8C63E2D876}"
EndProject
Project("{FAE04EC0-301F-11D3-BF4B-00C04F79EFBC}") = "Author.Core.Services.BlobStorage", "Common\Author.Core.Services.BlobStorage\Author.Core.Services.BlobStorage.csproj", "{C5EA2DBD-6AFA-4D31-A25F-17EBB8EBB567}"
EndProject
Global
	GlobalSection(SolutionConfigurationPlatforms) = preSolution
		Debug|Any CPU = Debug|Any CPU
		Release|Any CPU = Release|Any CPU
	EndGlobalSection
	GlobalSection(ProjectConfigurationPlatforms) = postSolution
		{645DCCD5-3625-4DA9-986A-4AECAE899B0B}.Debug|Any CPU.ActiveCfg = Debug|Any CPU
		{645DCCD5-3625-4DA9-986A-4AECAE899B0B}.Debug|Any CPU.Build.0 = Debug|Any CPU
		{645DCCD5-3625-4DA9-986A-4AECAE899B0B}.Release|Any CPU.ActiveCfg = Release|Any CPU
		{645DCCD5-3625-4DA9-986A-4AECAE899B0B}.Release|Any CPU.Build.0 = Release|Any CPU
		{E5D31555-93A8-4BAF-B89A-80F8EA0D07D2}.Debug|Any CPU.ActiveCfg = Debug|Any CPU
		{E5D31555-93A8-4BAF-B89A-80F8EA0D07D2}.Debug|Any CPU.Build.0 = Debug|Any CPU
		{E5D31555-93A8-4BAF-B89A-80F8EA0D07D2}.Release|Any CPU.ActiveCfg = Release|Any CPU
		{E5D31555-93A8-4BAF-B89A-80F8EA0D07D2}.Release|Any CPU.Build.0 = Release|Any CPU
		{2C050FFC-79D1-4B08-9672-C138B7FC6E9A}.Debug|Any CPU.ActiveCfg = Debug|Any CPU
		{2C050FFC-79D1-4B08-9672-C138B7FC6E9A}.Debug|Any CPU.Build.0 = Debug|Any CPU
		{2C050FFC-79D1-4B08-9672-C138B7FC6E9A}.Release|Any CPU.ActiveCfg = Release|Any CPU
		{2C050FFC-79D1-4B08-9672-C138B7FC6E9A}.Release|Any CPU.Build.0 = Release|Any CPU
		{222BE0C9-0C62-4EC0-B1AF-4A3B871C05A9}.Debug|Any CPU.ActiveCfg = Debug|Any CPU
		{222BE0C9-0C62-4EC0-B1AF-4A3B871C05A9}.Debug|Any CPU.Build.0 = Debug|Any CPU
		{222BE0C9-0C62-4EC0-B1AF-4A3B871C05A9}.Release|Any CPU.ActiveCfg = Release|Any CPU
		{222BE0C9-0C62-4EC0-B1AF-4A3B871C05A9}.Release|Any CPU.Build.0 = Release|Any CPU
		{285FFE17-C044-49E0-AD1D-C3B3125E0570}.Debug|Any CPU.ActiveCfg = Debug|Any CPU
		{285FFE17-C044-49E0-AD1D-C3B3125E0570}.Debug|Any CPU.Build.0 = Debug|Any CPU
		{285FFE17-C044-49E0-AD1D-C3B3125E0570}.Release|Any CPU.ActiveCfg = Release|Any CPU
		{285FFE17-C044-49E0-AD1D-C3B3125E0570}.Release|Any CPU.Build.0 = Release|Any CPU
		{7DBD1CD8-639D-4ECF-A299-25FFC18D668A}.Debug|Any CPU.ActiveCfg = Debug|Any CPU
		{7DBD1CD8-639D-4ECF-A299-25FFC18D668A}.Debug|Any CPU.Build.0 = Debug|Any CPU
		{7DBD1CD8-639D-4ECF-A299-25FFC18D668A}.Release|Any CPU.ActiveCfg = Release|Any CPU
		{7DBD1CD8-639D-4ECF-A299-25FFC18D668A}.Release|Any CPU.Build.0 = Release|Any CPU
		{83A70480-4A1C-4BFA-8AD6-D266C7F9BF65}.Debug|Any CPU.ActiveCfg = Debug|Any CPU
		{83A70480-4A1C-4BFA-8AD6-D266C7F9BF65}.Debug|Any CPU.Build.0 = Debug|Any CPU
		{83A70480-4A1C-4BFA-8AD6-D266C7F9BF65}.Release|Any CPU.ActiveCfg = Release|Any CPU
		{83A70480-4A1C-4BFA-8AD6-D266C7F9BF65}.Release|Any CPU.Build.0 = Release|Any CPU
		{71C75FFA-AFA9-4F02-BD29-DB99C1483097}.Debug|Any CPU.ActiveCfg = Debug|Any CPU
		{71C75FFA-AFA9-4F02-BD29-DB99C1483097}.Debug|Any CPU.Build.0 = Debug|Any CPU
		{71C75FFA-AFA9-4F02-BD29-DB99C1483097}.Release|Any CPU.ActiveCfg = Release|Any CPU
		{71C75FFA-AFA9-4F02-BD29-DB99C1483097}.Release|Any CPU.Build.0 = Release|Any CPU
		{07AAE277-139A-456D-8E58-8B90E246E131}.Debug|Any CPU.ActiveCfg = Debug|Any CPU
		{07AAE277-139A-456D-8E58-8B90E246E131}.Debug|Any CPU.Build.0 = Debug|Any CPU
		{07AAE277-139A-456D-8E58-8B90E246E131}.Release|Any CPU.ActiveCfg = Release|Any CPU
		{07AAE277-139A-456D-8E58-8B90E246E131}.Release|Any CPU.Build.0 = Release|Any CPU
		{575D68B2-2FC4-4440-8D92-641E84BE4B32}.Debug|Any CPU.ActiveCfg = Debug|Any CPU
		{575D68B2-2FC4-4440-8D92-641E84BE4B32}.Debug|Any CPU.Build.0 = Debug|Any CPU
		{575D68B2-2FC4-4440-8D92-641E84BE4B32}.Release|Any CPU.ActiveCfg = Release|Any CPU
		{575D68B2-2FC4-4440-8D92-641E84BE4B32}.Release|Any CPU.Build.0 = Release|Any CPU
		{FCDB2BB4-790E-4513-A951-EB242D5896FE}.Debug|Any CPU.ActiveCfg = Debug|Any CPU
		{FCDB2BB4-790E-4513-A951-EB242D5896FE}.Debug|Any CPU.Build.0 = Debug|Any CPU
		{FCDB2BB4-790E-4513-A951-EB242D5896FE}.Release|Any CPU.ActiveCfg = Release|Any CPU
		{FCDB2BB4-790E-4513-A951-EB242D5896FE}.Release|Any CPU.Build.0 = Release|Any CPU
		{4CB242B2-BA6E-4C81-890B-BA8C63E2D876}.Debug|Any CPU.ActiveCfg = Debug|Any CPU
		{4CB242B2-BA6E-4C81-890B-BA8C63E2D876}.Debug|Any CPU.Build.0 = Debug|Any CPU
		{4CB242B2-BA6E-4C81-890B-BA8C63E2D876}.Release|Any CPU.ActiveCfg = Release|Any CPU
		{4CB242B2-BA6E-4C81-890B-BA8C63E2D876}.Release|Any CPU.Build.0 = Release|Any CPU
		{C5EA2DBD-6AFA-4D31-A25F-17EBB8EBB567}.Debug|Any CPU.ActiveCfg = Debug|Any CPU
		{C5EA2DBD-6AFA-4D31-A25F-17EBB8EBB567}.Debug|Any CPU.Build.0 = Debug|Any CPU
		{C5EA2DBD-6AFA-4D31-A25F-17EBB8EBB567}.Release|Any CPU.ActiveCfg = Release|Any CPU
		{C5EA2DBD-6AFA-4D31-A25F-17EBB8EBB567}.Release|Any CPU.Build.0 = Release|Any CPU
	EndGlobalSection
	GlobalSection(SolutionProperties) = preSolution
		HideSolutionNode = FALSE
	EndGlobalSection
	GlobalSection(NestedProjects) = preSolution
		{645DCCD5-3625-4DA9-986A-4AECAE899B0B} = {99E5961A-C929-4355-AA15-68B0F8CCD388}
		{E5D31555-93A8-4BAF-B89A-80F8EA0D07D2} = {99E5961A-C929-4355-AA15-68B0F8CCD388}
		{2C050FFC-79D1-4B08-9672-C138B7FC6E9A} = {99E5961A-C929-4355-AA15-68B0F8CCD388}
		{222BE0C9-0C62-4EC0-B1AF-4A3B871C05A9} = {99E5961A-C929-4355-AA15-68B0F8CCD388}
		{285FFE17-C044-49E0-AD1D-C3B3125E0570} = {99E5961A-C929-4355-AA15-68B0F8CCD388}
		{7DBD1CD8-639D-4ECF-A299-25FFC18D668A} = {C1212B40-72BC-4A19-A5F8-A53823156224}
		{83A70480-4A1C-4BFA-8AD6-D266C7F9BF65} = {C1212B40-72BC-4A19-A5F8-A53823156224}
		{71C75FFA-AFA9-4F02-BD29-DB99C1483097} = {C1212B40-72BC-4A19-A5F8-A53823156224}
		{07AAE277-139A-456D-8E58-8B90E246E131} = {0BB711EB-C31C-45BE-A91C-4BE27F71027F}
		{FCDB2BB4-790E-4513-A951-EB242D5896FE} = {99E5961A-C929-4355-AA15-68B0F8CCD388}
		{4CB242B2-BA6E-4C81-890B-BA8C63E2D876} = {C1212B40-72BC-4A19-A5F8-A53823156224}
		{C5EA2DBD-6AFA-4D31-A25F-17EBB8EBB567} = {C1212B40-72BC-4A19-A5F8-A53823156224}
	EndGlobalSection
	GlobalSection(ExtensibilityGlobals) = postSolution
		SolutionGuid = {7B43F389-6EE9-44DA-99B9-2333DA47F5DF}
	EndGlobalSection
EndGlobal
